
Microsoft Visual Studio Solution File, Format Version 12.00
# Visual Studio Version 16
VisualStudioVersion = 16.0.29519.87
MinimumVisualStudioVersion = 10.0.40219.1
Project("{FAE04EC0-301F-11D3-BF4B-00C04F79EFBC}") = "Complete login and registration", "Complete login and registration\Complete login and registration.csproj", "{0974390B-F240-4D38-A0AA-2BE4157EED55}"
EndProject
Global
	GlobalSection(SolutionConfigurationPlatforms) = preSolution
		Debug|Any CPU = Debug|Any CPU
		Release|Any CPU = Release|Any CPU
	EndGlobalSection
	GlobalSection(ProjectConfigurationPlatforms) = postSolution
		{0974390B-F240-4D38-A0AA-2BE4157EED55}.Debug|Any CPU.ActiveCfg = Debug|Any CPU
		{0974390B-F240-4D38-A0AA-2BE4157EED55}.Debug|Any CPU.Build.0 = Debug|Any CPU
		{0974390B-F240-4D38-A0AA-2BE4157EED55}.Release|Any CPU.ActiveCfg = Release|Any CPU
		{0974390B-F240-4D38-A0AA-2BE4157EED55}.Release|Any CPU.Build.0 = Release|Any CPU
	EndGlobalSection
	GlobalSection(SolutionProperties) = preSolution
		HideSolutionNode = FALSE
	EndGlobalSection
	GlobalSection(ExtensibilityGlobals) = postSolution
		SolutionGuid = {BEB58078-5BFC-4848-95DD-ACB5AB943ADA}
	EndGlobalSection
EndGlobal
